// !$*UTF8*$!
{
	archiveVersion = 1;
	classes = {
	};
	objectVersion = 77;
	objects = {

/* Begin PBXBuildFile section */
		47A57C0B2DC0DEDD00DE21E9 /* ComposableArchitecture in Frameworks */ = {isa = PBXBuildFile; productRef = 47A57C0A2DC0DEDD00DE21E9 /* ComposableArchitecture */; };
/* End PBXBuildFile section */

/* Begin PBXContainerItemProxy section */
		47A57BED2DBF827E00DE21E9 /* PBXContainerItemProxy */ = {
			isa = PBXContainerItemProxy;
			containerPortal = 47A57BD72DBF827D00DE21E9 /* Project object */;
			proxyType = 1;
			remoteGlobalIDString = 47A57BDE2DBF827D00DE21E9;
			remoteInfo = TCA_RepositorySearch;
		};
		47A57BF72DBF827E00DE21E9 /* PBXContainerItemProxy */ = {
			isa = PBXContainerItemProxy;
			containerPortal = 47A57BD72DBF827D00DE21E9 /* Project object */;
			proxyType = 1;
			remoteGlobalIDString = 47A57BDE2DBF827D00DE21E9;
			remoteInfo = TCA_RepositorySearch;
		};
/* End PBXContainerItemProxy section */

/* Begin PBXFileReference section */
		47A57BDF2DBF827D00DE21E9 /* TCA_RepositorySearch.app */ = {isa = PBXFileReference; explicitFileType = wrapper.application; includeInIndex = 0; path = TCA_RepositorySearch.app; sourceTree = BUILT_PRODUCTS_DIR; };
		47A57BEC2DBF827E00DE21E9 /* TCA_RepositorySearchTests.xctest */ = {isa = PBXFileReference; explicitFileType = wrapper.cfbundle; includeInIndex = 0; path = TCA_RepositorySearchTests.xctest; sourceTree = BUILT_PRODUCTS_DIR; };
		47A57BF62DBF827E00DE21E9 /* TCA_RepositorySearchUITests.xctest */ = {isa = PBXFileReference; explicitFileType = wrapper.cfbundle; includeInIndex = 0; path = TCA_RepositorySearchUITests.xctest; sourceTree = BUILT_PRODUCTS_DIR; };
/* End PBXFileReference section */

/* Begin PBXFileSystemSynchronizedRootGroup section */
		47A57BE12DBF827D00DE21E9 /* TCA_RepositorySearch */ = {
			isa = PBXFileSystemSynchronizedRootGroup;
			path = TCA_RepositorySearch;
			sourceTree = "<group>";
		};
		47A57BEF2DBF827E00DE21E9 /* TCA_RepositorySearchTests */ = {
			isa = PBXFileSystemSynchronizedRootGroup;
			path = TCA_RepositorySearchTests;
			sourceTree = "<group>";
		};
		47A57BF92DBF827E00DE21E9 /* TCA_RepositorySearchUITests */ = {
			isa = PBXFileSystemSynchronizedRootGroup;
			path = TCA_RepositorySearchUITests;
			sourceTree = "<group>";
		};
/* End PBXFileSystemSynchronizedRootGroup section */

/* Begin PBXFrameworksBuildPhase section */
		47A57BDC2DBF827D00DE21E9 /* Frameworks */ = {
			isa = PBXFrameworksBuildPhase;
			buildActionMask = 2147483647;
			files = (
				47A57C0B2DC0DEDD00DE21E9 /* ComposableArchitecture in Frameworks */,
			);
			runOnlyForDeploymentPostprocessing = 0;
		};
		47A57BE92DBF827E00DE21E9 /* Frameworks */ = {
			isa = PBXFrameworksBuildPhase;
			buildActionMask = 2147483647;
			files = (
			);
			runOnlyForDeploymentPostprocessing = 0;
		};
		47A57BF32DBF827E00DE21E9 /* Frameworks */ = {
			isa = PBXFrameworksBuildPhase;
			buildActionMask = 2147483647;
			files = (
			);
			runOnlyForDeploymentPostprocessing = 0;
		};
/* End PBXFrameworksBuildPhase section */

/* Begin PBXGroup section */
		47A57BD62DBF827D00DE21E9 = {
			isa = PBXGroup;
			children = (
				47A57BE12DBF827D00DE21E9 /* TCA_RepositorySearch */,
				47A57BEF2DBF827E00DE21E9 /* TCA_RepositorySearchTests */,
				47A57BF92DBF827E00DE21E9 /* TCA_RepositorySearchUITests */,
				47A57BE02DBF827D00DE21E9 /* Products */,
			);
			sourceTree = "<group>";
		};
		47A57BE02DBF827D00DE21E9 /* Products */ = {
			isa = PBXGroup;
			children = (
				47A57BDF2DBF827D00DE21E9 /* TCA_RepositorySearch.app */,
				47A57BEC2DBF827E00DE21E9 /* TCA_RepositorySearchTests.xctest */,
				47A57BF62DBF827E00DE21E9 /* TCA_RepositorySearchUITests.xctest */,
			);
			name = Products;
			sourceTree = "<group>";
		};
/* End PBXGroup section */

/* Begin PBXNativeTarget section */
		47A57BDE2DBF827D00DE21E9 /* TCA_RepositorySearch */ = {
			isa = PBXNativeTarget;
			buildConfigurationList = 47A57C002DBF827E00DE21E9 /* Build configuration list for PBXNativeTarget "TCA_RepositorySearch" */;
			buildPhases = (
				47A57BDB2DBF827D00DE21E9 /* Sources */,
				47A57BDC2DBF827D00DE21E9 /* Frameworks */,
				47A57BDD2DBF827D00DE21E9 /* Resources */,
			);
			buildRules = (
			);
			dependencies = (
			);
			fileSystemSynchronizedGroups = (
				47A57BE12DBF827D00DE21E9 /* TCA_RepositorySearch */,
			);
			name = TCA_RepositorySearch;
			packageProductDependencies = (
				47A57C0A2DC0DEDD00DE21E9 /* ComposableArchitecture */,
			);
			productName = TCA_RepositorySearch;
			productReference = 47A57BDF2DBF827D00DE21E9 /* TCA_RepositorySearch.app */;
			productType = "com.apple.product-type.application";
		};
		47A57BEB2DBF827E00DE21E9 /* TCA_RepositorySearchTests */ = {
			isa = PBXNativeTarget;
			buildConfigurationList = 47A57C032DBF827E00DE21E9 /* Build configuration list for PBXNativeTarget "TCA_RepositorySearchTests" */;
			buildPhases = (
				47A57BE82DBF827E00DE21E9 /* Sources */,
				47A57BE92DBF827E00DE21E9 /* Frameworks */,
				47A57BEA2DBF827E00DE21E9 /* Resources */,
			);
			buildRules = (
			);
			dependencies = (
				47A57BEE2DBF827E00DE21E9 /* PBXTargetDependency */,
			);
			fileSystemSynchronizedGroups = (
				47A57BEF2DBF827E00DE21E9 /* TCA_RepositorySearchTests */,
			);
			name = TCA_RepositorySearchTests;
			packageProductDependencies = (
			);
			productName = TCA_RepositorySearchTests;
			productReference = 47A57BEC2DBF827E00DE21E9 /* TCA_RepositorySearchTests.xctest */;
			productType = "com.apple.product-type.bundle.unit-test";
		};
		47A57BF52DBF827E00DE21E9 /* TCA_RepositorySearchUITests */ = {
			isa = PBXNativeTarget;
			buildConfigurationList = 47A57C062DBF827E00DE21E9 /* Build configuration list for PBXNativeTarget "TCA_RepositorySearchUITests" */;
			buildPhases = (
				47A57BF22DBF827E00DE21E9 /* Sources */,
				47A57BF32DBF827E00DE21E9 /* Frameworks */,
				47A57BF42DBF827E00DE21E9 /* Resources */,
			);
			buildRules = (
			);
			dependencies = (
				47A57BF82DBF827E00DE21E9 /* PBXTargetDependency */,
			);
			fileSystemSynchronizedGroups = (
				47A57BF92DBF827E00DE21E9 /* TCA_RepositorySearchUITests */,
			);
			name = TCA_RepositorySearchUITests;
			packageProductDependencies = (
			);
			productName = TCA_RepositorySearchUITests;
			productReference = 47A57BF62DBF827E00DE21E9 /* TCA_RepositorySearchUITests.xctest */;
			productType = "com.apple.product-type.bundle.ui-testing";
		};
/* End PBXNativeTarget section */

/* Begin PBXProject section */
		47A57BD72DBF827D00DE21E9 /* Project object */ = {
			isa = PBXProject;
			attributes = {
				BuildIndependentTargetsInParallel = 1;
				LastSwiftUpdateCheck = 1630;
				LastUpgradeCheck = 1630;
				TargetAttributes = {
					47A57BDE2DBF827D00DE21E9 = {
						CreatedOnToolsVersion = 16.3;
					};
					47A57BEB2DBF827E00DE21E9 = {
						CreatedOnToolsVersion = 16.3;
						TestTargetID = 47A57BDE2DBF827D00DE21E9;
					};
					47A57BF52DBF827E00DE21E9 = {
						CreatedOnToolsVersion = 16.3;
						TestTargetID = 47A57BDE2DBF827D00DE21E9;
					};
				};
			};
			buildConfigurationList = 47A57BDA2DBF827D00DE21E9 /* Build configuration list for PBXProject "TCA_RepositorySearch" */;
			developmentRegion = en;
			hasScannedForEncodings = 0;
			knownRegions = (
				en,
				Base,
			);
			mainGroup = 47A57BD62DBF827D00DE21E9;
			minimizedProjectReferenceProxies = 1;
			packageReferences = (
				47A57C092DC0DEDD00DE21E9 /* XCRemoteSwiftPackageReference "swift-composable-architecture" */,
			);
			preferredProjectObjectVersion = 77;
			productRefGroup = 47A57BE02DBF827D00DE21E9 /* Products */;
			projectDirPath = "";
			projectRoot = "";
			targets = (
				47A57BDE2DBF827D00DE21E9 /* TCA_RepositorySearch */,
				47A57BEB2DBF827E00DE21E9 /* TCA_RepositorySearchTests */,
				47A57BF52DBF827E00DE21E9 /* TCA_RepositorySearchUITests */,
			);
		};
/* End PBXProject section */

/* Begin PBXResourcesBuildPhase section */
		47A57BDD2DBF827D00DE21E9 /* Resources */ = {
			isa = PBXResourcesBuildPhase;
			buildActionMask = 2147483647;
			files = (
			);
			runOnlyForDeploymentPostprocessing = 0;
		};
		47A57BEA2DBF827E00DE21E9 /* Resources */ = {
			isa = PBXResourcesBuildPhase;
			buildActionMask = 2147483647;
			files = (
			);
			runOnlyForDeploymentPostprocessing = 0;
		};
		47A57BF42DBF827E00DE21E9 /* Resources */ = {
			isa = PBXResourcesBuildPhase;
			buildActionMask = 2147483647;
			files = (
			);
			runOnlyForDeploymentPostprocessing = 0;
		};
/* End PBXResourcesBuildPhase section */

/* Begin PBXSourcesBuildPhase section */
		47A57BDB2DBF827D00DE21E9 /* Sources */ = {
			isa = PBXSourcesBuildPhase;
			buildActionMask = 2147483647;
			files = (
			);
			runOnlyForDeploymentPostprocessing = 0;
		};
		47A57BE82DBF827E00DE21E9 /* Sources */ = {
			isa = PBXSourcesBuildPhase;
			buildActionMask = 2147483647;
			files = (
			);
			runOnlyForDeploymentPostprocessing = 0;
		};
		47A57BF22DBF827E00DE21E9 /* Sources */ = {
			isa = PBXSourcesBuildPhase;
			buildActionMask = 2147483647;
			files = (
			);
			runOnlyForDeploymentPostprocessing = 0;
		};
/* End PBXSourcesBuildPhase section */

/* Begin PBXTargetDependency section */
		47A57BEE2DBF827E00DE21E9 /* PBXTargetDependency */ = {
			isa = PBXTargetDependency;
			target = 47A57BDE2DBF827D00DE21E9 /* TCA_RepositorySearch */;
			targetProxy = 47A57BED2DBF827E00DE21E9 /* PBXContainerItemProxy */;
		};
		47A57BF82DBF827E00DE21E9 /* PBXTargetDependency */ = {
			isa = PBXTargetDependency;
			target = 47A57BDE2DBF827D00DE21E9 /* TCA_RepositorySearch */;
			targetProxy = 47A57BF72DBF827E00DE21E9 /* PBXContainerItemProxy */;
		};
/* End PBXTargetDependency section */

/* Begin XCBuildConfiguration section */
		47A57BFE2DBF827E00DE21E9 /* Debug */ = {
			isa = XCBuildConfiguration;
			buildSettings = {
				ALWAYS_SEARCH_USER_PATHS = NO;
				ASSETCATALOG_COMPILER_GENERATE_SWIFT_ASSET_SYMBOL_EXTENSIONS = YES;
				CLANG_ANALYZER_NONNULL = YES;
				CLANG_ANALYZER_NUMBER_OBJECT_CONVERSION = YES_AGGRESSIVE;
				CLANG_CXX_LANGUAGE_STANDARD = "gnu++20";
				CLANG_ENABLE_MODULES = YES;
				CLANG_ENABLE_OBJC_ARC = YES;
				CLANG_ENABLE_OBJC_WEAK = YES;
				CLANG_WARN_BLOCK_CAPTURE_AUTORELEASING = YES;
				CLANG_WARN_BOOL_CONVERSION = YES;
				CLANG_WARN_COMMA = YES;
				CLANG_WARN_CONSTANT_CONVERSION = YES;
				CLANG_WARN_DEPRECATED_OBJC_IMPLEMENTATIONS = YES;
				CLANG_WARN_DIRECT_OBJC_ISA_USAGE = YES_ERROR;
				CLANG_WARN_DOCUMENTATION_COMMENTS = YES;
				CLANG_WARN_EMPTY_BODY = YES;
				CLANG_WARN_ENUM_CONVERSION = YES;
				CLANG_WARN_INFINITE_RECURSION = YES;
				CLANG_WARN_INT_CONVERSION = YES;
				CLANG_WARN_NON_LITERAL_NULL_CONVERSION = YES;
				CLANG_WARN_OBJC_IMPLICIT_RETAIN_SELF = YES;
				CLANG_WARN_OBJC_LITERAL_CONVERSION = YES;
				CLANG_WARN_OBJC_ROOT_CLASS = YES_ERROR;
				CLANG_WARN_QUOTED_INCLUDE_IN_FRAMEWORK_HEADER = YES;
				CLANG_WARN_RANGE_LOOP_ANALYSIS = YES;
				CLANG_WARN_STRICT_PROTOTYPES = YES;
				CLANG_WARN_SUSPICIOUS_MOVE = YES;
				CLANG_WARN_UNGUARDED_AVAILABILITY = YES_AGGRESSIVE;
				CLANG_WARN_UNREACHABLE_CODE = YES;
				CLANG_WARN__DUPLICATE_METHOD_MATCH = YES;
				COPY_PHASE_STRIP = NO;
				DEBUG_INFORMATION_FORMAT = dwarf;
				DEVELOPMENT_TEAM = L6Q4H7M3DB;
				ENABLE_STRICT_OBJC_MSGSEND = YES;
				ENABLE_TESTABILITY = YES;
				ENABLE_USER_SCRIPT_SANDBOXING = YES;
				GCC_C_LANGUAGE_STANDARD = gnu17;
				GCC_DYNAMIC_NO_PIC = NO;
				GCC_NO_COMMON_BLOCKS = YES;
				GCC_OPTIMIZATION_LEVEL = 0;
				GCC_PREPROCESSOR_DEFINITIONS = (
					"DEBUG=1",
					"$(inherited)",
				);
				GCC_WARN_64_TO_32_BIT_CONVERSION = YES;
				GCC_WARN_ABOUT_RETURN_TYPE = YES_ERROR;
				GCC_WARN_UNDECLARED_SELECTOR = YES;
				GCC_WARN_UNINITIALIZED_AUTOS = YES_AGGRESSIVE;
				GCC_WARN_UNUSED_FUNCTION = YES;
				GCC_WARN_UNUSED_VARIABLE = YES;
				IPHONEOS_DEPLOYMENT_TARGET = 18.4;
				LOCALIZATION_PREFERS_STRING_CATALOGS = YES;
				MTL_ENABLE_DEBUG_INFO = INCLUDE_SOURCE;
				MTL_FAST_MATH = YES;
				ONLY_ACTIVE_ARCH = YES;
				SDKROOT = iphoneos;
				SWIFT_ACTIVE_COMPILATION_CONDITIONS = "DEBUG $(inherited)";
				SWIFT_OPTIMIZATION_LEVEL = "-Onone";
			};
			name = Debug;
		};
		47A57BFF2DBF827E00DE21E9 /* Release */ = {
			isa = XCBuildConfiguration;
			buildSettings = {
				ALWAYS_SEARCH_USER_PATHS = NO;
				ASSETCATALOG_COMPILER_GENERATE_SWIFT_ASSET_SYMBOL_EXTENSIONS = YES;
				CLANG_ANALYZER_NONNULL = YES;
				CLANG_ANALYZER_NUMBER_OBJECT_CONVERSION = YES_AGGRESSIVE;
				CLANG_CXX_LANGUAGE_STANDARD = "gnu++20";
				CLANG_ENABLE_MODULES = YES;
				CLANG_ENABLE_OBJC_ARC = YES;
				CLANG_ENABLE_OBJC_WEAK = YES;
				CLANG_WARN_BLOCK_CAPTURE_AUTORELEASING = YES;
				CLANG_WARN_BOOL_CONVERSION = YES;
				CLANG_WARN_COMMA = YES;
				CLANG_WARN_CONSTANT_CONVERSION = YES;
				CLANG_WARN_DEPRECATED_OBJC_IMPLEMENTATIONS = YES;
				CLANG_WARN_DIRECT_OBJC_ISA_USAGE = YES_ERROR;
				CLANG_WARN_DOCUMENTATION_COMMENTS = YES;
				CLANG_WARN_EMPTY_BODY = YES;
				CLANG_WARN_ENUM_CONVERSION = YES;
				CLANG_WARN_INFINITE_RECURSION = YES;
				CLANG_WARN_INT_CONVERSION = YES;
				CLANG_WARN_NON_LITERAL_NULL_CONVERSION = YES;
				CLANG_WARN_OBJC_IMPLICIT_RETAIN_SELF = YES;
				CLANG_WARN_OBJC_LITERAL_CONVERSION = YES;
				CLANG_WARN_OBJC_ROOT_CLASS = YES_ERROR;
				CLANG_WARN_QUOTED_INCLUDE_IN_FRAMEWORK_HEADER = YES;
				CLANG_WARN_RANGE_LOOP_ANALYSIS = YES;
				CLANG_WARN_STRICT_PROTOTYPES = YES;
				CLANG_WARN_SUSPICIOUS_MOVE = YES;
				CLANG_WARN_UNGUARDED_AVAILABILITY = YES_AGGRESSIVE;
				CLANG_WARN_UNREACHABLE_CODE = YES;
				CLANG_WARN__DUPLICATE_METHOD_MATCH = YES;
				COPY_PHASE_STRIP = NO;
				DEBUG_INFORMATION_FORMAT = "dwarf-with-dsym";
				DEVELOPMENT_TEAM = L6Q4H7M3DB;
				ENABLE_NS_ASSERTIONS = NO;
				ENABLE_STRICT_OBJC_MSGSEND = YES;
				ENABLE_USER_SCRIPT_SANDBOXING = YES;
				GCC_C_LANGUAGE_STANDARD = gnu17;
				GCC_NO_COMMON_BLOCKS = YES;
				GCC_WARN_64_TO_32_BIT_CONVERSION = YES;
				GCC_WARN_ABOUT_RETURN_TYPE = YES_ERROR;
				GCC_WARN_UNDECLARED_SELECTOR = YES;
				GCC_WARN_UNINITIALIZED_AUTOS = YES_AGGRESSIVE;
				GCC_WARN_UNUSED_FUNCTION = YES;
				GCC_WARN_UNUSED_VARIABLE = YES;
				IPHONEOS_DEPLOYMENT_TARGET = 18.4;
				LOCALIZATION_PREFERS_STRING_CATALOGS = YES;
				MTL_ENABLE_DEBUG_INFO = NO;
				MTL_FAST_MATH = YES;
				SDKROOT = iphoneos;
				SWIFT_COMPILATION_MODE = wholemodule;
				VALIDATE_PRODUCT = YES;
			};
			name = Release;
		};
		47A57C012DBF827E00DE21E9 /* Debug */ = {
			isa = XCBuildConfiguration;
			buildSettings = {
				ASSETCATALOG_COMPILER_APPICON_NAME = AppIcon;
				ASSETCATALOG_COMPILER_GLOBAL_ACCENT_COLOR_NAME = AccentColor;
				CODE_SIGN_STYLE = Automatic;
				CURRENT_PROJECT_VERSION = 1;
				DEVELOPMENT_TEAM = L6Q4H7M3DB;
				ENABLE_PREVIEWS = YES;
				GENERATE_INFOPLIST_FILE = YES;
				INFOPLIST_KEY_UIApplicationSceneManifest_Generation = YES;
				INFOPLIST_KEY_UIApplicationSupportsIndirectInputEvents = YES;
				INFOPLIST_KEY_UILaunchScreen_Generation = YES;
				INFOPLIST_KEY_UISupportedInterfaceOrientations_iPad = "UIInterfaceOrientationPortrait UIInterfaceOrientationPortraitUpsideDown UIInterfaceOrientationLandscapeLeft UIInterfaceOrientationLandscapeRight";
				INFOPLIST_KEY_UISupportedInterfaceOrientations_iPhone = "UIInterfaceOrientationPortrait UIInterfaceOrientationLandscapeLeft UIInterfaceOrientationLandscapeRight";
				LD_RUNPATH_SEARCH_PATHS = (
					"$(inherited)",
					"@executable_path/Frameworks",
				);
				MARKETING_VERSION = 1.0;
				PRODUCT_BUNDLE_IDENTIFIER = "jp.ooyasora.TCA-RepositorySearch";
				PRODUCT_NAME = "$(TARGET_NAME)";
				SWIFT_EMIT_LOC_STRINGS = YES;
				SWIFT_VERSION = 5.0;
				TARGETED_DEVICE_FAMILY = "1,2";
			};
			name = Debug;
		};
		47A57C022DBF827E00DE21E9 /* Release */ = {
			isa = XCBuildConfiguration;
			buildSettings = {
				ASSETCATALOG_COMPILER_APPICON_NAME = AppIcon;
				ASSETCATALOG_COMPILER_GLOBAL_ACCENT_COLOR_NAME = AccentColor;
				CODE_SIGN_STYLE = Automatic;
				CURRENT_PROJECT_VERSION = 1;
				DEVELOPMENT_TEAM = L6Q4H7M3DB;
				ENABLE_PREVIEWS = YES;
				GENERATE_INFOPLIST_FILE = YES;
				INFOPLIST_KEY_UIApplicationSceneManifest_Generation = YES;
				INFOPLIST_KEY_UIApplicationSupportsIndirectInputEvents = YES;
				INFOPLIST_KEY_UILaunchScreen_Generation = YES;
				INFOPLIST_KEY_UISupportedInterfaceOrientations_iPad = "UIInterfaceOrientationPortrait UIInterfaceOrientationPortraitUpsideDown UIInterfaceOrientationLandscapeLeft UIInterfaceOrientationLandscapeRight";
				INFOPLIST_KEY_UISupportedInterfaceOrientations_iPhone = "UIInterfaceOrientationPortrait UIInterfaceOrientationLandscapeLeft UIInterfaceOrientationLandscapeRight";
				LD_RUNPATH_SEARCH_PATHS = (
					"$(inherited)",
					"@executable_path/Frameworks",
				);
				MARKETING_VERSION = 1.0;
				PRODUCT_BUNDLE_IDENTIFIER = "jp.ooyasora.TCA-RepositorySearch";
				PRODUCT_NAME = "$(TARGET_NAME)";
				SWIFT_EMIT_LOC_STRINGS = YES;
				SWIFT_VERSION = 5.0;
				TARGETED_DEVICE_FAMILY = "1,2";
			};
			name = Release;
		};
		47A57C042DBF827E00DE21E9 /* Debug */ = {
			isa = XCBuildConfiguration;
			buildSettings = {
				BUNDLE_LOADER = "$(TEST_HOST)";
				CODE_SIGN_STYLE = Automatic;
				CURRENT_PROJECT_VERSION = 1;
				DEVELOPMENT_TEAM = L6Q4H7M3DB;
				GENERATE_INFOPLIST_FILE = YES;
				IPHONEOS_DEPLOYMENT_TARGET = 18.4;
				MARKETING_VERSION = 1.0;
				PRODUCT_BUNDLE_IDENTIFIER = "jp.ooyasora.TCA-RepositorySearchTests";
				PRODUCT_NAME = "$(TARGET_NAME)";
				SWIFT_EMIT_LOC_STRINGS = NO;
				SWIFT_VERSION = 5.0;
				TARGETED_DEVICE_FAMILY = "1,2";
				TEST_HOST = "$(BUILT_PRODUCTS_DIR)/TCA_RepositorySearch.app/$(BUNDLE_EXECUTABLE_FOLDER_PATH)/TCA_RepositorySearch";
			};
			name = Debug;
		};
		47A57C052DBF827E00DE21E9 /* Release */ = {
			isa = XCBuildConfiguration;
			buildSettings = {
				BUNDLE_LOADER = "$(TEST_HOST)";
				CODE_SIGN_STYLE = Automatic;
				CURRENT_PROJECT_VERSION = 1;
				DEVELOPMENT_TEAM = L6Q4H7M3DB;
				GENERATE_INFOPLIST_FILE = YES;
				IPHONEOS_DEPLOYMENT_TARGET = 18.4;
				MARKETING_VERSION = 1.0;
				PRODUCT_BUNDLE_IDENTIFIER = "jp.ooyasora.TCA-RepositorySearchTests";
				PRODUCT_NAME = "$(TARGET_NAME)";
				SWIFT_EMIT_LOC_STRINGS = NO;
				SWIFT_VERSION = 5.0;
				TARGETED_DEVICE_FAMILY = "1,2";
				TEST_HOST = "$(BUILT_PRODUCTS_DIR)/TCA_RepositorySearch.app/$(BUNDLE_EXECUTABLE_FOLDER_PATH)/TCA_RepositorySearch";
			};
			name = Release;
		};
		47A57C072DBF827E00DE21E9 /* Debug */ = {
			isa = XCBuildConfiguration;
			buildSettings = {
				CODE_SIGN_STYLE = Automatic;
				CURRENT_PROJECT_VERSION = 1;
				DEVELOPMENT_TEAM = L6Q4H7M3DB;
				GENERATE_INFOPLIST_FILE = YES;
				MARKETING_VERSION = 1.0;
				PRODUCT_BUNDLE_IDENTIFIER = "jp.ooyasora.TCA-RepositorySearchUITests";
				PRODUCT_NAME = "$(TARGET_NAME)";
				SWIFT_EMIT_LOC_STRINGS = NO;
				SWIFT_VERSION = 5.0;
				TARGETED_DEVICE_FAMILY = "1,2";
				TEST_TARGET_NAME = TCA_RepositorySearch;
			};
			name = Debug;
		};
		47A57C082DBF827E00DE21E9 /* Release */ = {
			isa = XCBuildConfiguration;
			buildSettings = {
				CODE_SIGN_STYLE = Automatic;
				CURRENT_PROJECT_VERSION = 1;
				DEVELOPMENT_TEAM = L6Q4H7M3DB;
				GENERATE_INFOPLIST_FILE = YES;
				MARKETING_VERSION = 1.0;
				PRODUCT_BUNDLE_IDENTIFIER = "jp.ooyasora.TCA-RepositorySearchUITests";
				PRODUCT_NAME = "$(TARGET_NAME)";
				SWIFT_EMIT_LOC_STRINGS = NO;
				SWIFT_VERSION = 5.0;
				TARGETED_DEVICE_FAMILY = "1,2";
				TEST_TARGET_NAME = TCA_RepositorySearch;
			};
			name = Release;
		};
/* End XCBuildConfiguration section */

/* Begin XCConfigurationList section */
		47A57BDA2DBF827D00DE21E9 /* Build configuration list for PBXProject "TCA_RepositorySearch" */ = {
			isa = XCConfigurationList;
			buildConfigurations = (
				47A57BFE2DBF827E00DE21E9 /* Debug */,
				47A57BFF2DBF827E00DE21E9 /* Release */,
			);
			defaultConfigurationIsVisible = 0;
			defaultConfigurationName = Release;
		};
		47A57C002DBF827E00DE21E9 /* Build configuration list for PBXNativeTarget "TCA_RepositorySearch" */ = {
			isa = XCConfigurationList;
			buildConfigurations = (
				47A57C012DBF827E00DE21E9 /* Debug */,
				47A57C022DBF827E00DE21E9 /* Release */,
			);
			defaultConfigurationIsVisible = 0;
			defaultConfigurationName = Release;
		};
		47A57C032DBF827E00DE21E9 /* Build configuration list for PBXNativeTarget "TCA_RepositorySearchTests" */ = {
			isa = XCConfigurationList;
			buildConfigurations = (
				47A57C042DBF827E00DE21E9 /* Debug */,
				47A57C052DBF827E00DE21E9 /* Release */,
			);
			defaultConfigurationIsVisible = 0;
			defaultConfigurationName = Release;
		};
		47A57C062DBF827E00DE21E9 /* Build configuration list for PBXNativeTarget "TCA_RepositorySearchUITests" */ = {
			isa = XCConfigurationList;
			buildConfigurations = (
				47A57C072DBF827E00DE21E9 /* Debug */,
				47A57C082DBF827E00DE21E9 /* Release */,
			);
			defaultConfigurationIsVisible = 0;
			defaultConfigurationName = Release;
		};
/* End XCConfigurationList section */

/* Begin XCRemoteSwiftPackageReference section */
		47A57C092DC0DEDD00DE21E9 /* XCRemoteSwiftPackageReference "swift-composable-architecture" */ = {
			isa = XCRemoteSwiftPackageReference;
			repositoryURL = "https://github.com/pointfreeco/swift-composable-architecture";
			requirement = {
				kind = exactVersion;
				version = 1.19.1;
			};
		};
/* End XCRemoteSwiftPackageReference section */

/* Begin XCSwiftPackageProductDependency section */
		47A57C0A2DC0DEDD00DE21E9 /* ComposableArchitecture */ = {
			isa = XCSwiftPackageProductDependency;
			package = 47A57C092DC0DEDD00DE21E9 /* XCRemoteSwiftPackageReference "swift-composable-architecture" */;
			productName = ComposableArchitecture;
		};
/* End XCSwiftPackageProductDependency section */
	};
	rootObject = 47A57BD72DBF827D00DE21E9 /* Project object */;
}
